
Microsoft Visual Studio Solution File, Format Version 12.00
# Visual Studio Version 16
VisualStudioVersion = 16.0.30104.148
MinimumVisualStudioVersion = 10.0.40219.1
Project("{FAE04EC0-301F-11D3-BF4B-00C04F79EFBC}") = "UMS", "UMS.csproj", "{055C3BCF-F4CD-4D69-955C-79938F320512}"
EndProject
Global
	GlobalSection(SolutionConfigurationPlatforms) = preSolution
		Debug|Any CPU = Debug|Any CPU
		Release|Any CPU = Release|Any CPU
	EndGlobalSection
	GlobalSection(ProjectConfigurationPlatforms) = postSolution
		{055C3BCF-F4CD-4D69-955C-79938F320512}.Debug|Any CPU.ActiveCfg = Debug|Any CPU
		{055C3BCF-F4CD-4D69-955C-79938F320512}.Debug|Any CPU.Build.0 = Debug|Any CPU
		{055C3BCF-F4CD-4D69-955C-79938F320512}.Release|Any CPU.ActiveCfg = Release|Any CPU
		{055C3BCF-F4CD-4D69-955C-79938F320512}.Release|Any CPU.Build.0 = Release|Any CPU
	EndGlobalSection
	GlobalSection(SolutionProperties) = preSolution
		HideSolutionNode = FALSE
	EndGlobalSection
	GlobalSection(ExtensibilityGlobals) = postSolution
		SolutionGuid = {B3996A43-8EBA-4965-A025-3D6A124765E6}
	EndGlobalSection
EndGlobal
